
Microsoft Visual Studio Solution File, Format Version 12.00
# Visual Studio 14
VisualStudioVersion = 14.0.24720.0
MinimumVisualStudioVersion = 10.0.40219.1
Project("{FAE04EC0-301F-11D3-BF4B-00C04F79EFBC}") = "Engine", "Engine\Engine.csproj", "{5C702C3F-A3F1-48B6-8741-C115E92D22B8}"
EndProject
Project("{FAE04EC0-301F-11D3-BF4B-00C04F79EFBC}") = "Template", "Template\Template.csproj", "{1F9F0A1C-FA88-4056-842E-B2450E4A8E4C}"
EndProject
Project("{FAE04EC0-301F-11D3-BF4B-00C04F79EFBC}") = "Chg001-SnakeGame", "Chg001-SnakeGame\Chg001-SnakeGame.csproj", "{576693EE-36E2-4CFF-9E39-FB75F55A059C}"
EndProject
Project("{FAE04EC0-301F-11D3-BF4B-00C04F79EFBC}") = "Chg002-TrigonometryPillars", "Chg002-TrigonometryPillars\Chg002-TrigonometryPillars.csproj", "{ABFC7105-9C08-4CF9-9C6C-C60294CD6E30}"
EndProject
Project("{FAE04EC0-301F-11D3-BF4B-00C04F79EFBC}") = "Chg003-FireWorks", "Chg003-FireWorks\Chg003-FireWorks.csproj", "{C2EC90AD-4625-4CBE-9F16-BFB1A8B62A6D}"
EndProject
Project("{FAE04EC0-301F-11D3-BF4B-00C04F79EFBC}") = "Chg004-DoubleArmPainter", "Chg004-DoubleArmPainter\Chg004-DoubleArmPainter.csproj", "{2ED3AF00-3FEE-4764-B6D8-C459FD700C8D}"
EndProject
Project("{FAE04EC0-301F-11D3-BF4B-00C04F79EFBC}") = "Chg005-DoublePendulum", "Chg005-DoublePendulum\Chg005-DoublePendulum.csproj", "{04F92F12-CCBD-41B6-8271-0C1A9D1FF6A2}"
EndProject
Project("{FAE04EC0-301F-11D3-BF4B-00C04F79EFBC}") = "Chg006-SunflowerNucleus", "Chg006-SunflowerNucleus\Chg006-SunflowerNucleus.csproj", "{FC761D08-463B-442F-913C-C584CE771B54}"
EndProject
Project("{FAE04EC0-301F-11D3-BF4B-00C04F79EFBC}") = "Chg007-TraficLogo", "Chg007-TraficLogo\Chg007-TraficLogo.csproj", "{F57BDDDA-B30D-4B12-AE1E-36F4AC049116}"
EndProject
Project("{FAE04EC0-301F-11D3-BF4B-00C04F79EFBC}") = "Chg008-MagicWords", "Chg008-MagicWords\Chg008-MagicWords.csproj", "{C912D75A-AE5B-4D17-B9E4-3452DEDC3EDB}"
EndProject
Project("{FAE04EC0-301F-11D3-BF4B-00C04F79EFBC}") = "Chg009-CircledSign", "Chg009-CircledSign\Chg009-CircledSign.csproj", "{36100322-6200-4410-83BA-9703B21BBC56}"
EndProject
Global
	GlobalSection(SolutionConfigurationPlatforms) = preSolution
		Debug|Any CPU = Debug|Any CPU
		Release|Any CPU = Release|Any CPU
	EndGlobalSection
	GlobalSection(ProjectConfigurationPlatforms) = postSolution
		{5C702C3F-A3F1-48B6-8741-C115E92D22B8}.Debug|Any CPU.ActiveCfg = Debug|Any CPU
		{5C702C3F-A3F1-48B6-8741-C115E92D22B8}.Debug|Any CPU.Build.0 = Debug|Any CPU
		{5C702C3F-A3F1-48B6-8741-C115E92D22B8}.Release|Any CPU.ActiveCfg = Release|Any CPU
		{5C702C3F-A3F1-48B6-8741-C115E92D22B8}.Release|Any CPU.Build.0 = Release|Any CPU
		{1F9F0A1C-FA88-4056-842E-B2450E4A8E4C}.Debug|Any CPU.ActiveCfg = Debug|Any CPU
		{1F9F0A1C-FA88-4056-842E-B2450E4A8E4C}.Debug|Any CPU.Build.0 = Debug|Any CPU
		{1F9F0A1C-FA88-4056-842E-B2450E4A8E4C}.Release|Any CPU.ActiveCfg = Release|Any CPU
		{1F9F0A1C-FA88-4056-842E-B2450E4A8E4C}.Release|Any CPU.Build.0 = Release|Any CPU
		{576693EE-36E2-4CFF-9E39-FB75F55A059C}.Debug|Any CPU.ActiveCfg = Debug|Any CPU
		{576693EE-36E2-4CFF-9E39-FB75F55A059C}.Debug|Any CPU.Build.0 = Debug|Any CPU
		{576693EE-36E2-4CFF-9E39-FB75F55A059C}.Release|Any CPU.ActiveCfg = Release|Any CPU
		{576693EE-36E2-4CFF-9E39-FB75F55A059C}.Release|Any CPU.Build.0 = Release|Any CPU
		{ABFC7105-9C08-4CF9-9C6C-C60294CD6E30}.Debug|Any CPU.ActiveCfg = Debug|Any CPU
		{ABFC7105-9C08-4CF9-9C6C-C60294CD6E30}.Debug|Any CPU.Build.0 = Debug|Any CPU
		{ABFC7105-9C08-4CF9-9C6C-C60294CD6E30}.Release|Any CPU.ActiveCfg = Release|Any CPU
		{ABFC7105-9C08-4CF9-9C6C-C60294CD6E30}.Release|Any CPU.Build.0 = Release|Any CPU
		{C2EC90AD-4625-4CBE-9F16-BFB1A8B62A6D}.Debug|Any CPU.ActiveCfg = Debug|Any CPU
		{C2EC90AD-4625-4CBE-9F16-BFB1A8B62A6D}.Debug|Any CPU.Build.0 = Debug|Any CPU
		{C2EC90AD-4625-4CBE-9F16-BFB1A8B62A6D}.Release|Any CPU.ActiveCfg = Release|Any CPU
		{C2EC90AD-4625-4CBE-9F16-BFB1A8B62A6D}.Release|Any CPU.Build.0 = Release|Any CPU
		{2ED3AF00-3FEE-4764-B6D8-C459FD700C8D}.Debug|Any CPU.ActiveCfg = Debug|Any CPU
		{2ED3AF00-3FEE-4764-B6D8-C459FD700C8D}.Debug|Any CPU.Build.0 = Debug|Any CPU
		{2ED3AF00-3FEE-4764-B6D8-C459FD700C8D}.Release|Any CPU.ActiveCfg = Release|Any CPU
		{2ED3AF00-3FEE-4764-B6D8-C459FD700C8D}.Release|Any CPU.Build.0 = Release|Any CPU
		{04F92F12-CCBD-41B6-8271-0C1A9D1FF6A2}.Debug|Any CPU.ActiveCfg = Debug|Any CPU
		{04F92F12-CCBD-41B6-8271-0C1A9D1FF6A2}.Debug|Any CPU.Build.0 = Debug|Any CPU
		{04F92F12-CCBD-41B6-8271-0C1A9D1FF6A2}.Release|Any CPU.ActiveCfg = Release|Any CPU
		{04F92F12-CCBD-41B6-8271-0C1A9D1FF6A2}.Release|Any CPU.Build.0 = Release|Any CPU
		{FC761D08-463B-442F-913C-C584CE771B54}.Debug|Any CPU.ActiveCfg = Debug|Any CPU
		{FC761D08-463B-442F-913C-C584CE771B54}.Debug|Any CPU.Build.0 = Debug|Any CPU
		{FC761D08-463B-442F-913C-C584CE771B54}.Release|Any CPU.ActiveCfg = Release|Any CPU
		{FC761D08-463B-442F-913C-C584CE771B54}.Release|Any CPU.Build.0 = Release|Any CPU
		{F57BDDDA-B30D-4B12-AE1E-36F4AC049116}.Debug|Any CPU.ActiveCfg = Debug|Any CPU
		{F57BDDDA-B30D-4B12-AE1E-36F4AC049116}.Debug|Any CPU.Build.0 = Debug|Any CPU
		{F57BDDDA-B30D-4B12-AE1E-36F4AC049116}.Release|Any CPU.ActiveCfg = Release|Any CPU
		{F57BDDDA-B30D-4B12-AE1E-36F4AC049116}.Release|Any CPU.Build.0 = Release|Any CPU
		{C912D75A-AE5B-4D17-B9E4-3452DEDC3EDB}.Debug|Any CPU.ActiveCfg = Debug|Any CPU
		{C912D75A-AE5B-4D17-B9E4-3452DEDC3EDB}.Debug|Any CPU.Build.0 = Debug|Any CPU
		{C912D75A-AE5B-4D17-B9E4-3452DEDC3EDB}.Release|Any CPU.ActiveCfg = Release|Any CPU
		{C912D75A-AE5B-4D17-B9E4-3452DEDC3EDB}.Release|Any CPU.Build.0 = Release|Any CPU
		{36100322-6200-4410-83BA-9703B21BBC56}.Debug|Any CPU.ActiveCfg = Debug|Any CPU
		{36100322-6200-4410-83BA-9703B21BBC56}.Debug|Any CPU.Build.0 = Debug|Any CPU
		{36100322-6200-4410-83BA-9703B21BBC56}.Release|Any CPU.ActiveCfg = Release|Any CPU
		{36100322-6200-4410-83BA-9703B21BBC56}.Release|Any CPU.Build.0 = Release|Any CPU
	EndGlobalSection
	GlobalSection(SolutionProperties) = preSolution
		HideSolutionNode = FALSE
	EndGlobalSection
EndGlobal
